{
  "object": {
    "pins": [
      {
        "package": "swift-argument-parser",
        "repositoryURL": "https://github.com/apple/swift-argument-parser",
        "state": {
          "branch": null,
          "revision": "e394bf350e38cb100b6bc4172834770ede1b7232",
          "version": "1.0.3"
        }
      },
      {
        "package": "TextEmboss",
        "repositoryURL": "https://github.com/sfomuseum/swift-text-emboss",
        "state": {
          "branch": null,
          "revision": "ea588c67c5fa0c998d55c3b2fdaa20825700c85b",
          "version": "0.0.1"
        }
      }
    ]
  },
  "version": 1
}
