{
  "object": {
    "pins": [
      {
        "package": "swift-argument-parser",
        "repositoryURL": "https://github.com/apple/swift-argument-parser",
        "state": {
          "branch": null,
          "revision": "8f4d2753f0e4778c76d5f05ad16c74f707390531",
          "version": "1.2.3"
        }
      },
      {
        "package": "TextEmboss",
        "repositoryURL": "https://github.com/sfomuseum/swift-text-emboss",
        "state": {
          "branch": null,
          "revision": "ea588c67c5fa0c998d55c3b2fdaa20825700c85b",
          "version": "0.0.1"
        }
      }
    ]
  },
  "version": 1
}
