{
  "object": {
    "pins": [
      {
        "package": "swift-argument-parser",
        "repositoryURL": "https://github.com/apple/swift-argument-parser",
        "state": {
          "branch": null,
          "revision": "8f4d2753f0e4778c76d5f05ad16c74f707390531",
          "version": "1.2.3"
        }
      },
      {
        "package": "TextEmboss",
        "repositoryURL": "https://github.com/sfomuseum/swift-text-emboss",
        "state": {
          "branch": null,
          "revision": "5dfe63a82ecae91f9461054bf599bc22bd55dc82",
          "version": "0.0.3"
        }
      }
    ]
  },
  "version": 1
}
